[[package]]
category = "main"
description = "Simple assertion library for unit testing in python with a fluent API"
name = "assertpy"
optional = false
python-versions = "*"
version = "1.0"

[[package]]
category = "dev"
description = "Atomic file writes."
marker = "sys_platform == \"win32\""
name = "atomicwrites"
optional = false
python-versions = ">=2.7, !=3.0.*, !=3.1.*, !=3.2.*, !=3.3.*"
version = "1.4.0"

[[package]]
category = "dev"
description = "Classes Without Boilerplate"
name = "attrs"
optional = false
python-versions = ">=2.7, !=3.0.*, !=3.1.*, !=3.2.*, !=3.3.*"
version = "19.3.0"

[package.extras]
azure-pipelines = ["coverage", "hypothesis", "pympler", "pytest (>=4.3.0)", "six", "zope.interface", "pytest-azurepipelines"]
dev = ["coverage", "hypothesis", "pympler", "pytest (>=4.3.0)", "six", "zope.interface", "sphinx", "pre-commit"]
docs = ["sphinx", "zope.interface"]
tests = ["coverage", "hypothesis", "pympler", "pytest (>=4.3.0)", "six", "zope.interface"]

[[package]]
category = "main"
description = "Python package for providing Mozilla's CA Bundle."
name = "certifi"
optional = false
python-versions = "*"
version = "2020.4.5.1"

[[package]]
category = "main"
description = "Universal encoding detector for Python 2 and 3"
name = "chardet"
optional = false
python-versions = "*"
version = "3.0.4"

[[package]]
category = "main"
description = "Composable command line interface toolkit"
name = "click"
optional = false
python-versions = ">=2.7, !=3.0.*, !=3.1.*, !=3.2.*, !=3.3.*, !=3.4.*"
version = "7.1.2"

[[package]]
category = "dev"
description = "Cross-platform colored terminal text."
marker = "sys_platform == \"win32\""
name = "colorama"
optional = false
python-versions = ">=2.7, !=3.0.*, !=3.1.*, !=3.2.*, !=3.3.*, !=3.4.*"
version = "0.4.3"

[[package]]
category = "main"
description = "Internationalized Domain Names in Applications (IDNA)"
name = "idna"
optional = false
python-versions = ">=2.7, !=3.0.*, !=3.1.*, !=3.2.*, !=3.3.*"
version = "2.9"

[[package]]
category = "dev"
description = "More routines for operating on iterables, beyond itertools"
name = "more-itertools"
optional = false
python-versions = ">=3.5"
version = "8.3.0"

[[package]]
category = "main"
description = "MySQL driver written in Python"
name = "mysql-connector-python"
optional = false
python-versions = "*"
version = "8.0.20"

[package.dependencies]
protobuf = ">=3.0.0"

[package.extras]
dns-srv = ["dnspython (>=1.16.0)"]

[[package]]
category = "dev"
description = "Core utilities for Python packages"
name = "packaging"
optional = false
python-versions = ">=2.7, !=3.0.*, !=3.1.*, !=3.2.*, !=3.3.*"
version = "20.4"

[package.dependencies]
pyparsing = ">=2.0.2"
six = "*"

[[package]]
category = "main"
description = "A module wrapper for os.path"
name = "path"
optional = false
python-versions = ">=3.5"
version = "13.1.0"

[package.extras]
docs = ["sphinx", "jaraco.packaging (>=3.2)", "rst.linker (>=1.9)"]
testing = ["pytest (>=3.5,<3.7.3 || >3.7.3)", "pytest-checkdocs (>=1.2.3)", "pytest-flake8", "pytest-black-multipy", "pytest-cov", "appdirs", "packaging", "pygments"]

[[package]]
category = "main"
description = "A module wrapper for os.path"
name = "path.py"
optional = false
python-versions = ">=3.5"
version = "12.4.0"

[package.dependencies]
path = "<13.2"

[package.extras]
docs = ["sphinx", "jaraco.packaging (>=3.2)", "rst.linker (>=1.9)"]
testing = ["pytest (>=3.5,<3.7.3 || >3.7.3)", "pytest-checkdocs (>=1.2.3)", "pytest-flake8", "pytest-black-multipy", "pytest-cov", "appdirs", "packaging", "pygments"]

[[package]]
category = "dev"
description = "plugin and hook calling mechanisms for python"
name = "pluggy"
optional = false
python-versions = ">=2.7, !=3.0.*, !=3.1.*, !=3.2.*, !=3.3.*"
version = "0.13.1"

[package.extras]
dev = ["pre-commit", "tox"]

[[package]]
category = "main"
description = "Protocol Buffers"
name = "protobuf"
optional = false
python-versions = "*"
version = "3.12.2"

[package.dependencies]
setuptools = "*"
six = ">=1.9"

[[package]]
category = "dev"
description = "library with cross-python path, ini-parsing, io, code, log facilities"
name = "py"
optional = false
python-versions = ">=2.7, !=3.0.*, !=3.1.*, !=3.2.*, !=3.3.*"
version = "1.8.1"

[[package]]
category = "dev"
description = "Python parsing module"
name = "pyparsing"
optional = false
python-versions = ">=2.6, !=3.0.*, !=3.1.*, !=3.2.*"
version = "2.4.7"

[[package]]
category = "dev"
description = "pytest: simple powerful testing with Python"
name = "pytest"
optional = false
python-versions = ">=3.5"
version = "5.4.2"

[package.dependencies]
atomicwrites = ">=1.0"
attrs = ">=17.4.0"
colorama = "*"
more-itertools = ">=4.0.0"
packaging = "*"
pluggy = ">=0.12,<1.0"
py = ">=1.5.0"
wcwidth = "*"

[package.extras]
checkqa-mypy = ["mypy (v0.761)"]
testing = ["argcomplete", "hypothesis (>=3.56)", "mock", "nose", "requests", "xmlschema"]

[[package]]
category = "main"
description = "Extensions to the standard Python datetime module"
name = "python-dateutil"
optional = false
python-versions = "!=3.0.*,!=3.1.*,!=3.2.*,>=2.7"
version = "2.8.1"

[package.dependencies]
six = ">=1.5"

[[package]]
category = "main"
description = "Python HTTP for Humans."
name = "requests"
optional = false
python-versions = ">=2.7, !=3.0.*, !=3.1.*, !=3.2.*, !=3.3.*, !=3.4.*"
version = "2.23.0"

[package.dependencies]
certifi = ">=2017.4.17"
chardet = ">=3.0.2,<4"
idna = ">=2.5,<3"
urllib3 = ">=1.21.1,<1.25.0 || >1.25.0,<1.25.1 || >1.25.1,<1.26"

[package.extras]
security = ["pyOpenSSL (>=0.14)", "cryptography (>=1.3.4)"]
socks = ["PySocks (>=1.5.6,<1.5.7 || >1.5.7)", "win-inet-pton"]

[[package]]
category = "main"
description = "Python 2 and 3 compatibility utilities"
name = "six"
optional = false
python-versions = ">=2.7, !=3.0.*, !=3.1.*, !=3.2.*"
version = "1.15.0"

[[package]]
category = "main"
description = "HTTP library with thread-safe connection pooling, file post, and more."
name = "urllib3"
optional = false
python-versions = ">=2.7, !=3.0.*, !=3.1.*, !=3.2.*, !=3.3.*, !=3.4.*, <4"
version = "1.25.9"

[package.extras]
brotli = ["brotlipy (>=0.6.0)"]
secure = ["certifi", "cryptography (>=1.3.4)", "idna (>=2.0.0)", "pyOpenSSL (>=0.14)", "ipaddress"]
socks = ["PySocks (>=1.5.6,<1.5.7 || >1.5.7,<2.0)"]

[[package]]
category = "dev"
description = "Measures number of Terminal column cells of wide-character codes"
name = "wcwidth"
optional = false
python-versions = "*"
version = "0.1.9"

[metadata]
content-hash = "6d011805b73a40ba96487876ef6d280b13952ac10b15c0f789a16c520e4ce2ea"
python-versions = "^3.8"

[metadata.files]
assertpy = [
    {file = "assertpy-1.0.tar.gz", hash = "sha256:21b5923f1b49beaa96ed72fffe9991fcd869bd48583c80ec5d5a6e8e50f0df06"},
]
atomicwrites = [
    {file = "atomicwrites-1.4.0-py2.py3-none-any.whl", hash = "sha256:6d1784dea7c0c8d4a5172b6c620f40b6e4cbfdf96d783691f2e1302a7b88e197"},
    {file = "atomicwrites-1.4.0.tar.gz", hash = "sha256:ae70396ad1a434f9c7046fd2dd196fc04b12f9e91ffb859164193be8b6168a7a"},
]
attrs = [
    {file = "attrs-19.3.0-py2.py3-none-any.whl", hash = "sha256:08a96c641c3a74e44eb59afb61a24f2cb9f4d7188748e76ba4bb5edfa3cb7d1c"},
    {file = "attrs-19.3.0.tar.gz", hash = "sha256:f7b7ce16570fe9965acd6d30101a28f62fb4a7f9e926b3bbc9b61f8b04247e72"},
]
certifi = [
    {file = "certifi-2020.4.5.1-py2.py3-none-any.whl", hash = "sha256:1d987a998c75633c40847cc966fcf5904906c920a7f17ef374f5aa4282abd304"},
    {file = "certifi-2020.4.5.1.tar.gz", hash = "sha256:51fcb31174be6e6664c5f69e3e1691a2d72a1a12e90f872cbdb1567eb47b6519"},
]
chardet = [
    {file = "chardet-3.0.4-py2.py3-none-any.whl", hash = "sha256:fc323ffcaeaed0e0a02bf4d117757b98aed530d9ed4531e3e15460124c106691"},
    {file = "chardet-3.0.4.tar.gz", hash = "sha256:84ab92ed1c4d4f16916e05906b6b75a6c0fb5db821cc65e70cbd64a3e2a5eaae"},
]
click = [
    {file = "click-7.1.2-py2.py3-none-any.whl", hash = "sha256:dacca89f4bfadd5de3d7489b7c8a566eee0d3676333fbb50030263894c38c0dc"},
    {file = "click-7.1.2.tar.gz", hash = "sha256:d2b5255c7c6349bc1bd1e59e08cd12acbbd63ce649f2588755783aa94dfb6b1a"},
]
colorama = [
    {file = "colorama-0.4.3-py2.py3-none-any.whl", hash = "sha256:7d73d2a99753107a36ac6b455ee49046802e59d9d076ef8e47b61499fa29afff"},
    {file = "colorama-0.4.3.tar.gz", hash = "sha256:e96da0d330793e2cb9485e9ddfd918d456036c7149416295932478192f4436a1"},
]
idna = [
    {file = "idna-2.9-py2.py3-none-any.whl", hash = "sha256:a068a21ceac8a4d63dbfd964670474107f541babbd2250d61922f029858365fa"},
    {file = "idna-2.9.tar.gz", hash = "sha256:7588d1c14ae4c77d74036e8c22ff447b26d0fde8f007354fd48a7814db15b7cb"},
]
more-itertools = [
    {file = "more-itertools-8.3.0.tar.gz", hash = "sha256:558bb897a2232f5e4f8e2399089e35aecb746e1f9191b6584a151647e89267be"},
    {file = "more_itertools-8.3.0-py3-none-any.whl", hash = "sha256:7818f596b1e87be009031c7653d01acc46ed422e6656b394b0f765ce66ed4982"},
]
mysql-connector-python = [
    {file = "mysql-connector-python-8.0.20.tar.gz", hash = "sha256:bd1f1a57e9c89d6bf49b408c6fe151aad8c318237f2983dfc5b9a8202c6d20de"},
    {file = "mysql_connector_python-8.0.20-cp27-cp27m-macosx_10_14_x86_64.whl", hash = "sha256:1b6f1dbe964990604782e55c5570a8a968ba1da7371ad75ed4ddd8be0129c0cf"},
    {file = "mysql_connector_python-8.0.20-cp27-cp27m-manylinux1_i686.whl", hash = "sha256:a22183b55a3e5725a350b76f9ef6898573c808cb63a465b4bd78f860dfb6ed8d"},
    {file = "mysql_connector_python-8.0.20-cp27-cp27m-manylinux1_x86_64.whl", hash = "sha256:3b6b271de5664a2ac155954f38c09b6362f321f00734ff1f421e7ab721c7f98b"},
    {file = "mysql_connector_python-8.0.20-cp27-cp27mu-manylinux1_i686.whl", hash = "sha256:0f847818de953ebf53028fedfcb5622e11d226f01b1c5a93010063f78ab95b34"},
    {file = "mysql_connector_python-8.0.20-cp27-cp27mu-manylinux1_x86_64.whl", hash = "sha256:cbe901254597db9937b8dee4fe56c148fcfb792389f753fa35fff3696d04e5fa"},
    {file = "mysql_connector_python-8.0.20-cp35-cp35m-macosx_10_14_x86_64.whl", hash = "sha256:ffe0bdd9b22a987028ca4e70df770edef987d54899ac5029c364d9c3c04e9e9d"},
    {file = "mysql_connector_python-8.0.20-cp35-cp35m-manylinux1_i686.whl", hash = "sha256:86b7fac171a4433a9c263ab74d59ca4cf0c2941765f2f9a0cd1925295f04838f"},
    {file = "mysql_connector_python-8.0.20-cp35-cp35m-manylinux1_x86_64.whl", hash = "sha256:829ff16c18900ca25af0007de027c796161ed8711ae22cc50a785e8e1e2f756a"},
    {file = "mysql_connector_python-8.0.20-cp35-cp35m-win_amd64.whl", hash = "sha256:584098ce99bc81ca71fcc5664228a1aea901e26b473f39c6b4d9945abb641421"},
    {file = "mysql_connector_python-8.0.20-cp36-cp36m-macosx_10_14_x86_64.whl", hash = "sha256:88ecd6318e71d0a250efa016e80cfdcb987e7ce21793569b1751c20d3d022bb0"},
    {file = "mysql_connector_python-8.0.20-cp36-cp36m-manylinux1_i686.whl", hash = "sha256:37e1da0f78f1df38a33ccfe8431edd59cfdcbf249f56820028898cf5acbba0a5"},
    {file = "mysql_connector_python-8.0.20-cp36-cp36m-manylinux1_x86_64.whl", hash = "sha256:1ed1f29e8db935c30b33b9d137660f70a71d8757a99e16e3f51a40867f6c5ec0"},
    {file = "mysql_connector_python-8.0.20-cp36-cp36m-win_amd64.whl", hash = "sha256:f23c8ddc1550def024ea708d2aa7c999f301cd45ff17ca7bf9a762b48f0d4513"},
    {file = "mysql_connector_python-8.0.20-cp37-cp37m-macosx_10_14_x86_64.whl", hash = "sha256:2c126e929aa6b725d921a5c02e8b6ce999a8f3113494ca9fc94b3f1cbbdf3095"},
    {file = "mysql_connector_python-8.0.20-cp37-cp37m-manylinux1_i686.whl", hash = "sha256:eec4c549d96d9678fe9df663226fc175562dcd7187af892bfe4711c9a0d99228"},
    {file = "mysql_connector_python-8.0.20-cp37-cp37m-manylinux1_x86_64.whl", hash = "sha256:c20dd01dee6212deb56d3df985fe9927a571000327251177d69f05a40c11ac19"},
    {file = "mysql_connector_python-8.0.20-cp37-cp37m-win_amd64.whl", hash = "sha256:9ba98169e360a4e8739803d7ebce5de693dc4cd5634a62eafb3b2bc3c7f0d7c4"},
    {file = "mysql_connector_python-8.0.20-cp38-cp38-macosx_10_14_x86_64.whl", hash = "sha256:4de6f599ec48e7807cc73812f43f2be22a2d7859310c6d99cf51ed436d41b4e5"},
    {file = "mysql_connector_python-8.0.20-cp38-cp38-manylinux1_i686.whl", hash = "sha256:541394d10909aa379d396953bc4a3071aed754157d42de4ffd8ada91f15a4f1b"},
    {file = "mysql_connector_python-8.0.20-cp38-cp38-manylinux1_x86_64.whl", hash = "sha256:7d7fb72758e5e11db4b946b342330c136034d1cf6759be9b182e17d619897de2"},
    {file = "mysql_connector_python-8.0.20-cp38-cp38m-win_amd64.whl", hash = "sha256:7bdb4e94462e91d10c7bf809c122db1459917d80202fe5cb88c6c04481b1a303"},
    {file = "mysql_connector_python-8.0.20-py2.py3-none-any.whl", hash = "sha256:0f4cf26d89a7d99ec215e01e47bac40935dc80c573005395dbc18890856f87a5"},
]
packaging = [
    {file = "packaging-20.4-py2.py3-none-any.whl", hash = "sha256:998416ba6962ae7fbd6596850b80e17859a5753ba17c32284f67bfff33784181"},
    {file = "packaging-20.4.tar.gz", hash = "sha256:4357f74f47b9c12db93624a82154e9b120fa8293699949152b22065d556079f8"},
]
path = [
    {file = "path-13.1.0-py3-none-any.whl", hash = "sha256:41f0db0b6e32b3fc33c0bede630f6b58c7790af3a27c899e0c7ff69143d8696d"},
    {file = "path-13.1.0.tar.gz", hash = "sha256:97249b37e5e4017429a780920147200a2215e268c1a18fa549fec0b654ce99b7"},
]
"path.py" = [
    {file = "path.py-12.4.0-py3-none-any.whl", hash = "sha256:c88fb6073b955b2b2c9f3da61b94a2a4c61d722b776b562c26f29e05425eb55a"},
    {file = "path.py-12.4.0.tar.gz", hash = "sha256:6647ca22523f5e868b110cc3d958be01aa92e662a8241e464f7416779427bf3e"},
]
pluggy = [
    {file = "pluggy-0.13.1-py2.py3-none-any.whl", hash = "sha256:966c145cd83c96502c3c3868f50408687b38434af77734af1e9ca461a4081d2d"},
    {file = "pluggy-0.13.1.tar.gz", hash = "sha256:15b2acde666561e1298d71b523007ed7364de07029219b604cf808bfa1c765b0"},
]
protobuf = [
    {file = "protobuf-3.12.2-cp27-cp27m-macosx_10_9_x86_64.whl", hash = "sha256:e1464a4a2cf12f58f662c8e6421772c07947266293fb701cb39cd9c1e183f63c"},
    {file = "protobuf-3.12.2-cp27-cp27mu-manylinux1_x86_64.whl", hash = "sha256:6f349adabf1c004aba53f7b4633459f8ca8a09654bf7e69b509c95a454755776"},
    {file = "protobuf-3.12.2-cp35-cp35m-macosx_10_9_intel.whl", hash = "sha256:be04fe14ceed7f8641e30f36077c1a654ff6f17d0c7a5283b699d057d150d82a"},
    {file = "protobuf-3.12.2-cp35-cp35m-manylinux1_x86_64.whl", hash = "sha256:f4b73736108a416c76c17a8a09bc73af3d91edaa26c682aaa460ef91a47168d3"},
    {file = "protobuf-3.12.2-cp35-cp35m-win32.whl", hash = "sha256:5524c7020eb1fb7319472cb75c4c3206ef18b34d6034d2ee420a60f99cddeb07"},
    {file = "protobuf-3.12.2-cp35-cp35m-win_amd64.whl", hash = "sha256:bff02030bab8b969f4de597543e55bd05e968567acb25c0a87495a31eb09e925"},
    {file = "protobuf-3.12.2-cp36-cp36m-macosx_10_9_x86_64.whl", hash = "sha256:c9ca9f76805e5a637605f171f6c4772fc4a81eced4e2f708f79c75166a2c99ea"},
    {file = "protobuf-3.12.2-cp36-cp36m-manylinux1_x86_64.whl", hash = "sha256:304e08440c4a41a0f3592d2a38934aad6919d692bb0edfb355548786728f9a5e"},
    {file = "protobuf-3.12.2-cp36-cp36m-win32.whl", hash = "sha256:b5a114ea9b7fc90c2cc4867a866512672a47f66b154c6d7ee7e48ddb68b68122"},
    {file = "protobuf-3.12.2-cp36-cp36m-win_amd64.whl", hash = "sha256:85b94d2653b0fdf6d879e39d51018bf5ccd86c81c04e18a98e9888694b98226f"},
    {file = "protobuf-3.12.2-cp37-cp37m-macosx_10_9_x86_64.whl", hash = "sha256:a7ab28a8f1f043c58d157bceb64f80e4d2f7f1b934bc7ff5e7f7a55a337ea8b0"},
    {file = "protobuf-3.12.2-cp37-cp37m-manylinux1_x86_64.whl", hash = "sha256:eafe9fa19fcefef424ee089fb01ac7177ff3691af7cc2ae8791ae523eb6ca907"},
    {file = "protobuf-3.12.2-cp37-cp37m-win32.whl", hash = "sha256:612bc97e42b22af10ba25e4140963fbaa4c5181487d163f4eb55b0b15b3dfcd2"},
    {file = "protobuf-3.12.2-cp37-cp37m-win_amd64.whl", hash = "sha256:e72736dd822748b0721f41f9aaaf6a5b6d5cfc78f6c8690263aef8bba4457f0e"},
    {file = "protobuf-3.12.2-cp38-cp38-macosx_10_9_x86_64.whl", hash = "sha256:87535dc2d2ef007b9d44e309d2b8ea27a03d2fa09556a72364d706fcb7090828"},
    {file = "protobuf-3.12.2-cp38-cp38-manylinux1_x86_64.whl", hash = "sha256:50b5fee674878b14baea73b4568dc478c46a31dd50157a5b5d2f71138243b1a9"},
    {file = "protobuf-3.12.2-py2.py3-none-any.whl", hash = "sha256:a96f8fc625e9ff568838e556f6f6ae8eca8b4837cdfb3f90efcb7c00e342a2eb"},
    {file = "protobuf-3.12.2.tar.gz", hash = "sha256:49ef8ab4c27812a89a76fa894fe7a08f42f2147078392c0dee51d4a444ef6df5"},
]
py = [
    {file = "py-1.8.1-py2.py3-none-any.whl", hash = "sha256:c20fdd83a5dbc0af9efd622bee9a5564e278f6380fffcacc43ba6f43db2813b0"},
    {file = "py-1.8.1.tar.gz", hash = "sha256:5e27081401262157467ad6e7f851b7aa402c5852dbcb3dae06768434de5752aa"},
]
pyparsing = [
    {file = "pyparsing-2.4.7-py2.py3-none-any.whl", hash = "sha256:ef9d7589ef3c200abe66653d3f1ab1033c3c419ae9b9bdb1240a85b024efc88b"},
    {file = "pyparsing-2.4.7.tar.gz", hash = "sha256:c203ec8783bf771a155b207279b9bccb8dea02d8f0c9e5f8ead507bc3246ecc1"},
]
pytest = [
    {file = "pytest-5.4.2-py3-none-any.whl", hash = "sha256:95c710d0a72d91c13fae35dce195633c929c3792f54125919847fdcdf7caa0d3"},
    {file = "pytest-5.4.2.tar.gz", hash = "sha256:eb2b5e935f6a019317e455b6da83dd8650ac9ffd2ee73a7b657a30873d67a698"},
]
python-dateutil = [
    {file = "python-dateutil-2.8.1.tar.gz", hash = "sha256:73ebfe9dbf22e832286dafa60473e4cd239f8592f699aa5adaf10050e6e1823c"},
    {file = "python_dateutil-2.8.1-py2.py3-none-any.whl", hash = "sha256:75bb3f31ea686f1197762692a9ee6a7550b59fc6ca3a1f4b5d7e32fb98e2da2a"},
]
requests = [
    {file = "requests-2.23.0-py2.py3-none-any.whl", hash = "sha256:43999036bfa82904b6af1d99e4882b560e5e2c68e5c4b0aa03b655f3d7d73fee"},
    {file = "requests-2.23.0.tar.gz", hash = "sha256:b3f43d496c6daba4493e7c431722aeb7dbc6288f52a6e04e7b6023b0247817e6"},
]
six = [
    {file = "six-1.15.0-py2.py3-none-any.whl", hash = "sha256:8b74bedcbbbaca38ff6d7491d76f2b06b3592611af620f8426e82dddb04a5ced"},
    {file = "six-1.15.0.tar.gz", hash = "sha256:30639c035cdb23534cd4aa2dd52c3bf48f06e5f4a941509c8bafd8ce11080259"},
]
urllib3 = [
    {file = "urllib3-1.25.9-py2.py3-none-any.whl", hash = "sha256:88206b0eb87e6d677d424843ac5209e3fb9d0190d0ee169599165ec25e9d9115"},
    {file = "urllib3-1.25.9.tar.gz", hash = "sha256:3018294ebefce6572a474f0604c2021e33b3fd8006ecd11d62107a5d2a963527"},
]
wcwidth = [
    {file = "wcwidth-0.1.9-py2.py3-none-any.whl", hash = "sha256:cafe2186b3c009a04067022ce1dcd79cb38d8d65ee4f4791b8888d6599d1bbe1"},
    {file = "wcwidth-0.1.9.tar.gz", hash = "sha256:ee73862862a156bf77ff92b09034fc4825dd3af9cf81bc5b360668d425f3c5f1"},
]
